// !$*UTF8*$!
{
	archiveVersion = 1;
	classes = {
	};
	objectVersion = 56;
	objects = {

/* Begin PBXBuildFile section */
		3430D2542939942600693452 /* main.swift in Sources */ = {isa = PBXBuildFile; fileRef = 3430D2532939942600693452 /* main.swift */; };
		3430D25F293994D800693452 /* ArgumentParser in Frameworks */ = {isa = PBXBuildFile; productRef = 3430D25E293994D800693452 /* ArgumentParser */; };
		3430D2612939959E00693452 /* Day1.swift in Sources */ = {isa = PBXBuildFile; fileRef = 3430D2602939959E00693452 /* Day1.swift */; };
		3430D264293995FF00693452 /* AdventOfCodeUtilities in Frameworks */ = {isa = PBXBuildFile; productRef = 3430D263293995FF00693452 /* AdventOfCodeUtilities */; };
		3430D26A29399ACC00693452 /* Day2.swift in Sources */ = {isa = PBXBuildFile; fileRef = 3430D26929399ACC00693452 /* Day2.swift */; };
		3430D26F293B9ADA00693452 /* Day3.swift in Sources */ = {isa = PBXBuildFile; fileRef = 3430D26E293B9ADA00693452 /* Day3.swift */; };
		3430D274293CDACA00693452 /* Day4.swift in Sources */ = {isa = PBXBuildFile; fileRef = 3430D273293CDACA00693452 /* Day4.swift */; };
		3453335F29529C8900D2216F /* Day20.swift in Sources */ = {isa = PBXBuildFile; fileRef = 3453335E29529C8900D2216F /* Day20.swift */; };
		345C8ABC293E17620050A100 /* Day5.swift in Sources */ = {isa = PBXBuildFile; fileRef = 345C8ABB293E17620050A100 /* Day5.swift */; };
		346DA63B2953B18E00E71076 /* Day21.swift in Sources */ = {isa = PBXBuildFile; fileRef = 346DA63A2953B18E00E71076 /* Day21.swift */; };
		34B7865C294F560400779E8C /* Day18.swift in Sources */ = {isa = PBXBuildFile; fileRef = 34B7865B294F560400779E8C /* Day18.swift */; };
		34F80D3F293F67D900DB9C0D /* Day6.swift in Sources */ = {isa = PBXBuildFile; fileRef = 34F80D3E293F67D900DB9C0D /* Day6.swift */; };
		34F80D44293F6DFA00DB9C0D /* Algorithms in Frameworks */ = {isa = PBXBuildFile; productRef = 34F80D43293F6DFA00DB9C0D /* Algorithms */; };
		34F80D4729401FEB00DB9C0D /* Day7.swift in Sources */ = {isa = PBXBuildFile; fileRef = 34F80D4629401FEB00DB9C0D /* Day7.swift */; };
		34F80D4C2940B97B00DB9C0D /* SwiftDataStructures in Frameworks */ = {isa = PBXBuildFile; productRef = 34F80D4B2940B97B00DB9C0D /* SwiftDataStructures */; };
		34F80D4F29420A8200DB9C0D /* Day8.swift in Sources */ = {isa = PBXBuildFile; fileRef = 34F80D4E29420A8200DB9C0D /* Day8.swift */; };
		34F80D5429435E6100DB9C0D /* Day9.swift in Sources */ = {isa = PBXBuildFile; fileRef = 34F80D5329435E6100DB9C0D /* Day9.swift */; };
		34F80D5A2944E51100DB9C0D /* Day10.swift in Sources */ = {isa = PBXBuildFile; fileRef = 34F80D592944E51100DB9C0D /* Day10.swift */; };
		34F80D5F294614AF00DB9C0D /* Day11.swift in Sources */ = {isa = PBXBuildFile; fileRef = 34F80D5E294614AF00DB9C0D /* Day11.swift */; };
		34F80D6429461CB300DB9C0D /* Collections in Frameworks */ = {isa = PBXBuildFile; productRef = 34F80D6329461CB300DB9C0D /* Collections */; };
		34F80D672947521700DB9C0D /* Day12.swift in Sources */ = {isa = PBXBuildFile; fileRef = 34F80D662947521700DB9C0D /* Day12.swift */; };
		34F80D6F2948A48E00DB9C0D /* Day13.swift in Sources */ = {isa = PBXBuildFile; fileRef = 34F80D6E2948A48E00DB9C0D /* Day13.swift */; };
		34F80D742948F0BC00DB9C0D /* Day14.swift in Sources */ = {isa = PBXBuildFile; fileRef = 34F80D732948F0BC00DB9C0D /* Day14.swift */; };
		34F80D79294B465400DB9C0D /* Day15.swift in Sources */ = {isa = PBXBuildFile; fileRef = 34F80D78294B465400DB9C0D /* Day15.swift */; };
		34F80D7E294C9A0C00DB9C0D /* Day16.swift in Sources */ = {isa = PBXBuildFile; fileRef = 34F80D7D294C9A0C00DB9C0D /* Day16.swift */; };
		34F80D82294C9DDE00DB9C0D /* Heap.swift in Sources */ = {isa = PBXBuildFile; fileRef = 34F80D81294C9DDE00DB9C0D /* Heap.swift */; };
		34F80D85294D732E00DB9C0D /* Day17.swift in Sources */ = {isa = PBXBuildFile; fileRef = 34F80D84294D732E00DB9C0D /* Day17.swift */; };
/* End PBXBuildFile section */

/* Begin PBXCopyFilesBuildPhase section */
		3430D24E2939942600693452 /* CopyFiles */ = {
			isa = PBXCopyFilesBuildPhase;
			buildActionMask = 2147483647;
			dstPath = /usr/share/man/man1/;
			dstSubfolderSpec = 0;
			files = (
			);
			runOnlyForDeploymentPostprocessing = 1;
		};
/* End PBXCopyFilesBuildPhase section */

/* Begin PBXFileReference section */
		3430D2502939942600693452 /* AdventOfCode2022 */ = {isa = PBXFileReference; explicitFileType = "compiled.mach-o.executable"; includeInIndex = 0; path = AdventOfCode2022; sourceTree = BUILT_PRODUCTS_DIR; };
		3430D2532939942600693452 /* main.swift */ = {isa = PBXFileReference; lastKnownFileType = sourcecode.swift; path = main.swift; sourceTree = "<group>"; };
		3430D2602939959E00693452 /* Day1.swift */ = {isa = PBXFileReference; lastKnownFileType = sourcecode.swift; path = Day1.swift; sourceTree = "<group>"; };
		3430D2662939975100693452 /* puzzle_input.txt */ = {isa = PBXFileReference; lastKnownFileType = text; path = puzzle_input.txt; sourceTree = "<group>"; };
		3430D2672939975F00693452 /* test_input.txt */ = {isa = PBXFileReference; lastKnownFileType = text; path = test_input.txt; sourceTree = "<group>"; };
		3430D26929399ACC00693452 /* Day2.swift */ = {isa = PBXFileReference; lastKnownFileType = sourcecode.swift; path = Day2.swift; sourceTree = "<group>"; };
		3430D26B29399B1300693452 /* puzzle_input.txt */ = {isa = PBXFileReference; lastKnownFileType = text; path = puzzle_input.txt; sourceTree = "<group>"; };
		3430D26C293A22E800693452 /* test_input.txt */ = {isa = PBXFileReference; lastKnownFileType = text; path = test_input.txt; sourceTree = "<group>"; };
		3430D26E293B9ADA00693452 /* Day3.swift */ = {isa = PBXFileReference; lastKnownFileType = sourcecode.swift; path = Day3.swift; sourceTree = "<group>"; };
		3430D270293B9AE600693452 /* puzzle_input.txt */ = {isa = PBXFileReference; lastKnownFileType = text; path = puzzle_input.txt; sourceTree = "<group>"; };
		3430D271293B9AF500693452 /* test_input.txt */ = {isa = PBXFileReference; lastKnownFileType = text; path = test_input.txt; sourceTree = "<group>"; };
		3430D273293CDACA00693452 /* Day4.swift */ = {isa = PBXFileReference; lastKnownFileType = sourcecode.swift; path = Day4.swift; sourceTree = "<group>"; };
		3430D275293CDAD300693452 /* test_input.txt */ = {isa = PBXFileReference; lastKnownFileType = text; path = test_input.txt; sourceTree = "<group>"; };
		3430D276293CDADD00693452 /* puzzle_input.txt */ = {isa = PBXFileReference; lastKnownFileType = text; path = puzzle_input.txt; sourceTree = "<group>"; };
		3453335E29529C8900D2216F /* Day20.swift */ = {isa = PBXFileReference; lastKnownFileType = sourcecode.swift; path = Day20.swift; sourceTree = "<group>"; };
		3453336029529CEA00D2216F /* test_input.txt */ = {isa = PBXFileReference; lastKnownFileType = text; path = test_input.txt; sourceTree = "<group>"; };
		345333642952B14A00D2216F /* puzzle_input.txt */ = {isa = PBXFileReference; lastKnownFileType = text; path = puzzle_input.txt; sourceTree = "<group>"; };
		345C8ABB293E17620050A100 /* Day5.swift */ = {isa = PBXFileReference; lastKnownFileType = sourcecode.swift; path = Day5.swift; sourceTree = "<group>"; };
		345C8ABD293E17710050A100 /* test_input.txt */ = {isa = PBXFileReference; lastKnownFileType = text; path = test_input.txt; sourceTree = "<group>"; };
		345C8ABE293E20E90050A100 /* puzzle_input.txt */ = {isa = PBXFileReference; lastKnownFileType = text; path = puzzle_input.txt; sourceTree = "<group>"; };
		346DA63A2953B18E00E71076 /* Day21.swift */ = {isa = PBXFileReference; lastKnownFileType = sourcecode.swift; path = Day21.swift; sourceTree = "<group>"; };
		346DA63C2953B4AB00E71076 /* test_input.txt */ = {isa = PBXFileReference; lastKnownFileType = text; path = test_input.txt; sourceTree = "<group>"; };
		346DA63D2953B4BB00E71076 /* puzzle_input.txt */ = {isa = PBXFileReference; lastKnownFileType = text; path = puzzle_input.txt; sourceTree = "<group>"; };
		34B78659294E853500779E8C /* puzzle_input.txt */ = {isa = PBXFileReference; lastKnownFileType = text; path = puzzle_input.txt; sourceTree = "<group>"; };
		34B7865B294F560400779E8C /* Day18.swift */ = {isa = PBXFileReference; lastKnownFileType = sourcecode.swift; path = Day18.swift; sourceTree = "<group>"; };
		34B7865D294F561100779E8C /* test_input.txt */ = {isa = PBXFileReference; lastKnownFileType = text; path = test_input.txt; sourceTree = "<group>"; };
		34B7865E294F562E00779E8C /* puzzle_input.txt */ = {isa = PBXFileReference; lastKnownFileType = text; path = puzzle_input.txt; sourceTree = "<group>"; };
		34F80D3E293F67D900DB9C0D /* Day6.swift */ = {isa = PBXFileReference; lastKnownFileType = sourcecode.swift; path = Day6.swift; sourceTree = "<group>"; };
		34F80D40293F67E400DB9C0D /* test_input.txt */ = {isa = PBXFileReference; lastKnownFileType = text; path = test_input.txt; sourceTree = "<group>"; };
		34F80D41293F681000DB9C0D /* puzzle_input.txt */ = {isa = PBXFileReference; lastKnownFileType = text; path = puzzle_input.txt; sourceTree = "<group>"; };
		34F80D4629401FEB00DB9C0D /* Day7.swift */ = {isa = PBXFileReference; lastKnownFileType = sourcecode.swift; path = Day7.swift; sourceTree = "<group>"; };
		34F80D4829401FF600DB9C0D /* test_input.txt */ = {isa = PBXFileReference; lastKnownFileType = text; path = test_input.txt; sourceTree = "<group>"; };
		34F80D492940200900DB9C0D /* puzzle_input.txt */ = {isa = PBXFileReference; lastKnownFileType = text; path = puzzle_input.txt; sourceTree = "<group>"; };
		34F80D4E29420A8200DB9C0D /* Day8.swift */ = {isa = PBXFileReference; lastKnownFileType = sourcecode.swift; path = Day8.swift; sourceTree = "<group>"; };
		34F80D5029420A8C00DB9C0D /* test_input.txt */ = {isa = PBXFileReference; lastKnownFileType = text; path = test_input.txt; sourceTree = "<group>"; };
		34F80D5129420A9700DB9C0D /* puzzle_input.txt */ = {isa = PBXFileReference; lastKnownFileType = text; path = puzzle_input.txt; sourceTree = "<group>"; };
		34F80D5329435E6100DB9C0D /* Day9.swift */ = {isa = PBXFileReference; lastKnownFileType = sourcecode.swift; path = Day9.swift; sourceTree = "<group>"; };
		34F80D5529435E6C00DB9C0D /* test_input_1.txt */ = {isa = PBXFileReference; lastKnownFileType = text; path = test_input_1.txt; sourceTree = "<group>"; };
		34F80D56294364B900DB9C0D /* puzzle_input.txt */ = {isa = PBXFileReference; lastKnownFileType = text; path = puzzle_input.txt; sourceTree = "<group>"; };
		34F80D5729436B4800DB9C0D /* test_input_2.txt */ = {isa = PBXFileReference; lastKnownFileType = text; path = test_input_2.txt; sourceTree = "<group>"; };
		34F80D592944E51100DB9C0D /* Day10.swift */ = {isa = PBXFileReference; lastKnownFileType = sourcecode.swift; path = Day10.swift; sourceTree = "<group>"; };
		34F80D5B2944E51B00DB9C0D /* test_input.txt */ = {isa = PBXFileReference; lastKnownFileType = text; path = test_input.txt; sourceTree = "<group>"; };
		34F80D5C2944E52500DB9C0D /* puzzle_input.txt */ = {isa = PBXFileReference; lastKnownFileType = text; path = puzzle_input.txt; sourceTree = "<group>"; };
		34F80D5E294614AF00DB9C0D /* Day11.swift */ = {isa = PBXFileReference; lastKnownFileType = sourcecode.swift; path = Day11.swift; sourceTree = "<group>"; };
		34F80D60294614BB00DB9C0D /* test_input.txt */ = {isa = PBXFileReference; lastKnownFileType = text; path = test_input.txt; sourceTree = "<group>"; };
		34F80D61294614C600DB9C0D /* puzzle_input.txt */ = {isa = PBXFileReference; lastKnownFileType = text; path = puzzle_input.txt; sourceTree = "<group>"; };
		34F80D662947521700DB9C0D /* Day12.swift */ = {isa = PBXFileReference; lastKnownFileType = sourcecode.swift; path = Day12.swift; sourceTree = "<group>"; };
		34F80D682947524900DB9C0D /* test_input.txt */ = {isa = PBXFileReference; lastKnownFileType = text; path = test_input.txt; sourceTree = "<group>"; };
		34F80D6C294758FE00DB9C0D /* puzzle_input.txt */ = {isa = PBXFileReference; lastKnownFileType = text; path = puzzle_input.txt; sourceTree = "<group>"; };
		34F80D6E2948A48E00DB9C0D /* Day13.swift */ = {isa = PBXFileReference; lastKnownFileType = sourcecode.swift; path = Day13.swift; sourceTree = "<group>"; };
		34F80D702948A49A00DB9C0D /* test_input.txt */ = {isa = PBXFileReference; lastKnownFileType = text; path = test_input.txt; sourceTree = "<group>"; };
		34F80D712948AD4700DB9C0D /* puzzle_input.txt */ = {isa = PBXFileReference; lastKnownFileType = text; path = puzzle_input.txt; sourceTree = "<group>"; };
		34F80D732948F0BC00DB9C0D /* Day14.swift */ = {isa = PBXFileReference; lastKnownFileType = sourcecode.swift; path = Day14.swift; sourceTree = "<group>"; };
		34F80D752948F0EF00DB9C0D /* test_input.txt */ = {isa = PBXFileReference; lastKnownFileType = text; path = test_input.txt; sourceTree = "<group>"; };
		34F80D762948F10100DB9C0D /* puzzle_input.txt */ = {isa = PBXFileReference; lastKnownFileType = text; path = puzzle_input.txt; sourceTree = "<group>"; };
		34F80D78294B465400DB9C0D /* Day15.swift */ = {isa = PBXFileReference; lastKnownFileType = sourcecode.swift; path = Day15.swift; sourceTree = "<group>"; };
		34F80D7A294B465E00DB9C0D /* test_input.txt */ = {isa = PBXFileReference; lastKnownFileType = text; path = test_input.txt; sourceTree = "<group>"; };
		34F80D7B294B466800DB9C0D /* puzzle_input.txt */ = {isa = PBXFileReference; lastKnownFileType = text; path = puzzle_input.txt; sourceTree = "<group>"; };
		34F80D7D294C9A0C00DB9C0D /* Day16.swift */ = {isa = PBXFileReference; lastKnownFileType = sourcecode.swift; path = Day16.swift; sourceTree = "<group>"; };
		34F80D7F294C9A1B00DB9C0D /* test_input.txt */ = {isa = PBXFileReference; lastKnownFileType = text; path = test_input.txt; sourceTree = "<group>"; };
		34F80D80294C9A2B00DB9C0D /* puzzle_input.txt */ = {isa = PBXFileReference; lastKnownFileType = text; path = puzzle_input.txt; sourceTree = "<group>"; };
		34F80D81294C9DDE00DB9C0D /* Heap.swift */ = {isa = PBXFileReference; lastKnownFileType = sourcecode.swift; path = Heap.swift; sourceTree = "<group>"; };
		34F80D84294D732E00DB9C0D /* Day17.swift */ = {isa = PBXFileReference; lastKnownFileType = sourcecode.swift; path = Day17.swift; sourceTree = "<group>"; };
		34F80D86294D738600DB9C0D /* test_input.txt */ = {isa = PBXFileReference; lastKnownFileType = text; path = test_input.txt; sourceTree = "<group>"; };
/* End PBXFileReference section */

/* Begin PBXFrameworksBuildPhase section */
		3430D24D2939942600693452 /* Frameworks */ = {
			isa = PBXFrameworksBuildPhase;
			buildActionMask = 2147483647;
			files = (
				34F80D44293F6DFA00DB9C0D /* Algorithms in Frameworks */,
				3430D25F293994D800693452 /* ArgumentParser in Frameworks */,
				34F80D6429461CB300DB9C0D /* Collections in Frameworks */,
				34F80D4C2940B97B00DB9C0D /* SwiftDataStructures in Frameworks */,
				3430D264293995FF00693452 /* AdventOfCodeUtilities in Frameworks */,
			);
			runOnlyForDeploymentPostprocessing = 0;
		};
/* End PBXFrameworksBuildPhase section */

/* Begin PBXGroup section */
		3430D2472939942600693452 = {
			isa = PBXGroup;
			children = (
				3430D2522939942600693452 /* AdventOfCode2022 */,
				3430D2512939942600693452 /* Products */,
			);
			sourceTree = "<group>";
		};
		3430D2512939942600693452 /* Products */ = {
			isa = PBXGroup;
			children = (
				3430D2502939942600693452 /* AdventOfCode2022 */,
			);
			name = Products;
			sourceTree = "<group>";
		};
		3430D2522939942600693452 /* AdventOfCode2022 */ = {
			isa = PBXGroup;
			children = (
				3430D2652939973800693452 /* Day1 */,
				3430D26829399AB600693452 /* Day2 */,
				3430D26D293B9AC800693452 /* Day3 */,
				3430D272293CDABA00693452 /* Day4 */,
				345C8ABA293E17510050A100 /* Day5 */,
				34F80D3D293F67CB00DB9C0D /* Day6 */,
				34F80D4529401FDB00DB9C0D /* Day7 */,
				34F80D4D29420A7400DB9C0D /* Day8 */,
				34F80D5229435E5400DB9C0D /* Day9 */,
				34F80D582944E50100DB9C0D /* Day10 */,
				34F80D5D2946149C00DB9C0D /* Day11 */,
				34F80D652947520000DB9C0D /* Day12 */,
				34F80D6D2948A46700DB9C0D /* Day13 */,
				34F80D722948F0A900DB9C0D /* Day14 */,
				34F80D77294B464600DB9C0D /* Day15 */,
				34F80D7C294C99FF00DB9C0D /* Day16 */,
				34F80D83294D732300DB9C0D /* Day17 */,
				34B7865A294F55F500779E8C /* Day18 */,
				3453335D29529C6F00D2216F /* Day20 */,
				346DA6392953B16600E71076 /* Day21 */,
				3430D2532939942600693452 /* main.swift */,
			);
			path = AdventOfCode2022;
			sourceTree = "<group>";
		};
		3430D2652939973800693452 /* Day1 */ = {
			isa = PBXGroup;
			children = (
				3430D2602939959E00693452 /* Day1.swift */,
				3430D2662939975100693452 /* puzzle_input.txt */,
				3430D2672939975F00693452 /* test_input.txt */,
			);
			path = Day1;
			sourceTree = "<group>";
		};
		3430D26829399AB600693452 /* Day2 */ = {
			isa = PBXGroup;
			children = (
				3430D26929399ACC00693452 /* Day2.swift */,
				3430D26B29399B1300693452 /* puzzle_input.txt */,
				3430D26C293A22E800693452 /* test_input.txt */,
			);
			path = Day2;
			sourceTree = "<group>";
		};
		3430D26D293B9AC800693452 /* Day3 */ = {
			isa = PBXGroup;
			children = (
				3430D26E293B9ADA00693452 /* Day3.swift */,
				3430D270293B9AE600693452 /* puzzle_input.txt */,
				3430D271293B9AF500693452 /* test_input.txt */,
			);
			path = Day3;
			sourceTree = "<group>";
		};
		3430D272293CDABA00693452 /* Day4 */ = {
			isa = PBXGroup;
			children = (
				3430D273293CDACA00693452 /* Day4.swift */,
				3430D275293CDAD300693452 /* test_input.txt */,
				3430D276293CDADD00693452 /* puzzle_input.txt */,
			);
			path = Day4;
			sourceTree = "<group>";
		};
		3453335D29529C6F00D2216F /* Day20 */ = {
			isa = PBXGroup;
			children = (
				3453335E29529C8900D2216F /* Day20.swift */,
				3453336029529CEA00D2216F /* test_input.txt */,
				345333642952B14A00D2216F /* puzzle_input.txt */,
			);
			path = Day20;
			sourceTree = "<group>";
		};
		345C8ABA293E17510050A100 /* Day5 */ = {
			isa = PBXGroup;
			children = (
				345C8ABB293E17620050A100 /* Day5.swift */,
				345C8ABD293E17710050A100 /* test_input.txt */,
				345C8ABE293E20E90050A100 /* puzzle_input.txt */,
			);
			path = Day5;
			sourceTree = "<group>";
		};
		346DA6392953B16600E71076 /* Day21 */ = {
			isa = PBXGroup;
			children = (
				346DA63A2953B18E00E71076 /* Day21.swift */,
				346DA63C2953B4AB00E71076 /* test_input.txt */,
				346DA63D2953B4BB00E71076 /* puzzle_input.txt */,
			);
			path = Day21;
			sourceTree = "<group>";
		};
		34B7865A294F55F500779E8C /* Day18 */ = {
			isa = PBXGroup;
			children = (
				34B7865B294F560400779E8C /* Day18.swift */,
				34B7865D294F561100779E8C /* test_input.txt */,
				34B7865E294F562E00779E8C /* puzzle_input.txt */,
			);
			path = Day18;
			sourceTree = "<group>";
		};
		34F80D3D293F67CB00DB9C0D /* Day6 */ = {
			isa = PBXGroup;
			children = (
				34F80D3E293F67D900DB9C0D /* Day6.swift */,
				34F80D40293F67E400DB9C0D /* test_input.txt */,
				34F80D41293F681000DB9C0D /* puzzle_input.txt */,
			);
			path = Day6;
			sourceTree = "<group>";
		};
		34F80D4529401FDB00DB9C0D /* Day7 */ = {
			isa = PBXGroup;
			children = (
				34F80D4629401FEB00DB9C0D /* Day7.swift */,
				34F80D4829401FF600DB9C0D /* test_input.txt */,
				34F80D492940200900DB9C0D /* puzzle_input.txt */,
			);
			path = Day7;
			sourceTree = "<group>";
		};
		34F80D4D29420A7400DB9C0D /* Day8 */ = {
			isa = PBXGroup;
			children = (
				34F80D4E29420A8200DB9C0D /* Day8.swift */,
				34F80D5029420A8C00DB9C0D /* test_input.txt */,
				34F80D5129420A9700DB9C0D /* puzzle_input.txt */,
			);
			path = Day8;
			sourceTree = "<group>";
		};
		34F80D5229435E5400DB9C0D /* Day9 */ = {
			isa = PBXGroup;
			children = (
				34F80D5329435E6100DB9C0D /* Day9.swift */,
				34F80D5529435E6C00DB9C0D /* test_input_1.txt */,
				34F80D5729436B4800DB9C0D /* test_input_2.txt */,
				34F80D56294364B900DB9C0D /* puzzle_input.txt */,
			);
			path = Day9;
			sourceTree = "<group>";
		};
		34F80D582944E50100DB9C0D /* Day10 */ = {
			isa = PBXGroup;
			children = (
				34F80D592944E51100DB9C0D /* Day10.swift */,
				34F80D5B2944E51B00DB9C0D /* test_input.txt */,
				34F80D5C2944E52500DB9C0D /* puzzle_input.txt */,
			);
			path = Day10;
			sourceTree = "<group>";
		};
		34F80D5D2946149C00DB9C0D /* Day11 */ = {
			isa = PBXGroup;
			children = (
				34F80D5E294614AF00DB9C0D /* Day11.swift */,
				34F80D60294614BB00DB9C0D /* test_input.txt */,
				34F80D61294614C600DB9C0D /* puzzle_input.txt */,
			);
			path = Day11;
			sourceTree = "<group>";
		};
		34F80D652947520000DB9C0D /* Day12 */ = {
			isa = PBXGroup;
			children = (
				34F80D662947521700DB9C0D /* Day12.swift */,
				34F80D682947524900DB9C0D /* test_input.txt */,
				34F80D6C294758FE00DB9C0D /* puzzle_input.txt */,
			);
			path = Day12;
			sourceTree = "<group>";
		};
		34F80D6D2948A46700DB9C0D /* Day13 */ = {
			isa = PBXGroup;
			children = (
				34F80D6E2948A48E00DB9C0D /* Day13.swift */,
				34F80D702948A49A00DB9C0D /* test_input.txt */,
				34F80D712948AD4700DB9C0D /* puzzle_input.txt */,
			);
			path = Day13;
			sourceTree = "<group>";
		};
		34F80D722948F0A900DB9C0D /* Day14 */ = {
			isa = PBXGroup;
			children = (
				34F80D732948F0BC00DB9C0D /* Day14.swift */,
				34F80D752948F0EF00DB9C0D /* test_input.txt */,
				34F80D762948F10100DB9C0D /* puzzle_input.txt */,
			);
			path = Day14;
			sourceTree = "<group>";
		};
		34F80D77294B464600DB9C0D /* Day15 */ = {
			isa = PBXGroup;
			children = (
				34F80D78294B465400DB9C0D /* Day15.swift */,
				34F80D7A294B465E00DB9C0D /* test_input.txt */,
				34F80D7B294B466800DB9C0D /* puzzle_input.txt */,
			);
			path = Day15;
			sourceTree = "<group>";
		};
		34F80D7C294C99FF00DB9C0D /* Day16 */ = {
			isa = PBXGroup;
			children = (
				34F80D7D294C9A0C00DB9C0D /* Day16.swift */,
				34F80D7F294C9A1B00DB9C0D /* test_input.txt */,
				34F80D80294C9A2B00DB9C0D /* puzzle_input.txt */,
				34F80D81294C9DDE00DB9C0D /* Heap.swift */,
			);
			path = Day16;
			sourceTree = "<group>";
		};
		34F80D83294D732300DB9C0D /* Day17 */ = {
			isa = PBXGroup;
			children = (
				34F80D84294D732E00DB9C0D /* Day17.swift */,
				34F80D86294D738600DB9C0D /* test_input.txt */,
				34B78659294E853500779E8C /* puzzle_input.txt */,
			);
			path = Day17;
			sourceTree = "<group>";
		};
/* End PBXGroup section */

/* Begin PBXNativeTarget section */
		3430D24F2939942600693452 /* AdventOfCode2022 */ = {
			isa = PBXNativeTarget;
			buildConfigurationList = 3430D2572939942600693452 /* Build configuration list for PBXNativeTarget "AdventOfCode2022" */;
			buildPhases = (
				3430D24C2939942600693452 /* Sources */,
				3430D24D2939942600693452 /* Frameworks */,
				3430D24E2939942600693452 /* CopyFiles */,
			);
			buildRules = (
			);
			dependencies = (
			);
			name = AdventOfCode2022;
			packageProductDependencies = (
				3430D25E293994D800693452 /* ArgumentParser */,
				3430D263293995FF00693452 /* AdventOfCodeUtilities */,
				34F80D43293F6DFA00DB9C0D /* Algorithms */,
				34F80D4B2940B97B00DB9C0D /* SwiftDataStructures */,
				34F80D6329461CB300DB9C0D /* Collections */,
			);
			productName = AdventOfCode2022;
			productReference = 3430D2502939942600693452 /* AdventOfCode2022 */;
			productType = "com.apple.product-type.tool";
		};
/* End PBXNativeTarget section */

/* Begin PBXProject section */
		3430D2482939942600693452 /* Project object */ = {
			isa = PBXProject;
			attributes = {
				BuildIndependentTargetsInParallel = 1;
				LastSwiftUpdateCheck = 1400;
				LastUpgradeCheck = 1400;
				TargetAttributes = {
					3430D24F2939942600693452 = {
						CreatedOnToolsVersion = 14.0.1;
					};
				};
			};
			buildConfigurationList = 3430D24B2939942600693452 /* Build configuration list for PBXProject "AdventOfCode2022" */;
			compatibilityVersion = "Xcode 14.0";
			developmentRegion = en;
			hasScannedForEncodings = 0;
			knownRegions = (
				en,
				Base,
			);
			mainGroup = 3430D2472939942600693452;
			packageReferences = (
				3430D25D293994D800693452 /* XCRemoteSwiftPackageReference "swift-argument-parser" */,
				3430D262293995FE00693452 /* XCRemoteSwiftPackageReference "AdventOfCodeUtilities" */,
				34F80D42293F6DFA00DB9C0D /* XCRemoteSwiftPackageReference "swift-algorithms" */,
				34F80D4A2940B97B00DB9C0D /* XCRemoteSwiftPackageReference "SwiftDataStructures" */,
				34F80D6229461CB300DB9C0D /* XCRemoteSwiftPackageReference "swift-collections" */,
			);
			productRefGroup = 3430D2512939942600693452 /* Products */;
			projectDirPath = "";
			projectRoot = "";
			targets = (
				3430D24F2939942600693452 /* AdventOfCode2022 */,
			);
		};
/* End PBXProject section */

/* Begin PBXSourcesBuildPhase section */
		3430D24C2939942600693452 /* Sources */ = {
			isa = PBXSourcesBuildPhase;
			buildActionMask = 2147483647;
			files = (
				3430D2612939959E00693452 /* Day1.swift in Sources */,
				34F80D79294B465400DB9C0D /* Day15.swift in Sources */,
				3430D274293CDACA00693452 /* Day4.swift in Sources */,
				346DA63B2953B18E00E71076 /* Day21.swift in Sources */,
				34F80D5F294614AF00DB9C0D /* Day11.swift in Sources */,
				34F80D82294C9DDE00DB9C0D /* Heap.swift in Sources */,
				34F80D4729401FEB00DB9C0D /* Day7.swift in Sources */,
				3430D26A29399ACC00693452 /* Day2.swift in Sources */,
				3430D26F293B9ADA00693452 /* Day3.swift in Sources */,
				34F80D85294D732E00DB9C0D /* Day17.swift in Sources */,
				345C8ABC293E17620050A100 /* Day5.swift in Sources */,
				34F80D5429435E6100DB9C0D /* Day9.swift in Sources */,
				3453335F29529C8900D2216F /* Day20.swift in Sources */,
				34F80D6F2948A48E00DB9C0D /* Day13.swift in Sources */,
				34F80D742948F0BC00DB9C0D /* Day14.swift in Sources */,
				34F80D7E294C9A0C00DB9C0D /* Day16.swift in Sources */,
				34F80D5A2944E51100DB9C0D /* Day10.swift in Sources */,
				34F80D672947521700DB9C0D /* Day12.swift in Sources */,
				34F80D3F293F67D900DB9C0D /* Day6.swift in Sources */,
				34B7865C294F560400779E8C /* Day18.swift in Sources */,
				34F80D4F29420A8200DB9C0D /* Day8.swift in Sources */,
				3430D2542939942600693452 /* main.swift in Sources */,
			);
			runOnlyForDeploymentPostprocessing = 0;
		};
/* End PBXSourcesBuildPhase section */

/* Begin XCBuildConfiguration section */
		3430D2552939942600693452 /* Debug */ = {
			isa = XCBuildConfiguration;
			buildSettings = {
				ALWAYS_SEARCH_USER_PATHS = NO;
				CLANG_ANALYZER_NONNULL = YES;
				CLANG_ANALYZER_NUMBER_OBJECT_CONVERSION = YES_AGGRESSIVE;
				CLANG_CXX_LANGUAGE_STANDARD = "gnu++20";
				CLANG_ENABLE_MODULES = YES;
				CLANG_ENABLE_OBJC_ARC = YES;
				CLANG_ENABLE_OBJC_WEAK = YES;
				CLANG_WARN_BLOCK_CAPTURE_AUTORELEASING = YES;
				CLANG_WARN_BOOL_CONVERSION = YES;
				CLANG_WARN_COMMA = YES;
				CLANG_WARN_CONSTANT_CONVERSION = YES;
				CLANG_WARN_DEPRECATED_OBJC_IMPLEMENTATIONS = YES;
				CLANG_WARN_DIRECT_OBJC_ISA_USAGE = YES_ERROR;
				CLANG_WARN_DOCUMENTATION_COMMENTS = YES;
				CLANG_WARN_EMPTY_BODY = YES;
				CLANG_WARN_ENUM_CONVERSION = YES;
				CLANG_WARN_INFINITE_RECURSION = YES;
				CLANG_WARN_INT_CONVERSION = YES;
				CLANG_WARN_NON_LITERAL_NULL_CONVERSION = YES;
				CLANG_WARN_OBJC_IMPLICIT_RETAIN_SELF = YES;
				CLANG_WARN_OBJC_LITERAL_CONVERSION = YES;
				CLANG_WARN_OBJC_ROOT_CLASS = YES_ERROR;
				CLANG_WARN_QUOTED_INCLUDE_IN_FRAMEWORK_HEADER = YES;
				CLANG_WARN_RANGE_LOOP_ANALYSIS = YES;
				CLANG_WARN_STRICT_PROTOTYPES = YES;
				CLANG_WARN_SUSPICIOUS_MOVE = YES;
				CLANG_WARN_UNGUARDED_AVAILABILITY = YES_AGGRESSIVE;
				CLANG_WARN_UNREACHABLE_CODE = YES;
				CLANG_WARN__DUPLICATE_METHOD_MATCH = YES;
				COPY_PHASE_STRIP = NO;
				DEBUG_INFORMATION_FORMAT = dwarf;
				ENABLE_STRICT_OBJC_MSGSEND = YES;
				ENABLE_TESTABILITY = YES;
				GCC_C_LANGUAGE_STANDARD = gnu11;
				GCC_DYNAMIC_NO_PIC = NO;
				GCC_NO_COMMON_BLOCKS = YES;
				GCC_OPTIMIZATION_LEVEL = 0;
				GCC_PREPROCESSOR_DEFINITIONS = (
					"DEBUG=1",
					"$(inherited)",
				);
				GCC_WARN_64_TO_32_BIT_CONVERSION = YES;
				GCC_WARN_ABOUT_RETURN_TYPE = YES_ERROR;
				GCC_WARN_UNDECLARED_SELECTOR = YES;
				GCC_WARN_UNINITIALIZED_AUTOS = YES_AGGRESSIVE;
				GCC_WARN_UNUSED_FUNCTION = YES;
				GCC_WARN_UNUSED_VARIABLE = YES;
				MACOSX_DEPLOYMENT_TARGET = 12.3;
				MTL_ENABLE_DEBUG_INFO = INCLUDE_SOURCE;
				MTL_FAST_MATH = YES;
				ONLY_ACTIVE_ARCH = YES;
				SDKROOT = macosx;
				SWIFT_ACTIVE_COMPILATION_CONDITIONS = DEBUG;
				SWIFT_OPTIMIZATION_LEVEL = "-Onone";
			};
			name = Debug;
		};
		3430D2562939942600693452 /* Release */ = {
			isa = XCBuildConfiguration;
			buildSettings = {
				ALWAYS_SEARCH_USER_PATHS = NO;
				CLANG_ANALYZER_NONNULL = YES;
				CLANG_ANALYZER_NUMBER_OBJECT_CONVERSION = YES_AGGRESSIVE;
				CLANG_CXX_LANGUAGE_STANDARD = "gnu++20";
				CLANG_ENABLE_MODULES = YES;
				CLANG_ENABLE_OBJC_ARC = YES;
				CLANG_ENABLE_OBJC_WEAK = YES;
				CLANG_WARN_BLOCK_CAPTURE_AUTORELEASING = YES;
				CLANG_WARN_BOOL_CONVERSION = YES;
				CLANG_WARN_COMMA = YES;
				CLANG_WARN_CONSTANT_CONVERSION = YES;
				CLANG_WARN_DEPRECATED_OBJC_IMPLEMENTATIONS = YES;
				CLANG_WARN_DIRECT_OBJC_ISA_USAGE = YES_ERROR;
				CLANG_WARN_DOCUMENTATION_COMMENTS = YES;
				CLANG_WARN_EMPTY_BODY = YES;
				CLANG_WARN_ENUM_CONVERSION = YES;
				CLANG_WARN_INFINITE_RECURSION = YES;
				CLANG_WARN_INT_CONVERSION = YES;
				CLANG_WARN_NON_LITERAL_NULL_CONVERSION = YES;
				CLANG_WARN_OBJC_IMPLICIT_RETAIN_SELF = YES;
				CLANG_WARN_OBJC_LITERAL_CONVERSION = YES;
				CLANG_WARN_OBJC_ROOT_CLASS = YES_ERROR;
				CLANG_WARN_QUOTED_INCLUDE_IN_FRAMEWORK_HEADER = YES;
				CLANG_WARN_RANGE_LOOP_ANALYSIS = YES;
				CLANG_WARN_STRICT_PROTOTYPES = YES;
				CLANG_WARN_SUSPICIOUS_MOVE = YES;
				CLANG_WARN_UNGUARDED_AVAILABILITY = YES_AGGRESSIVE;
				CLANG_WARN_UNREACHABLE_CODE = YES;
				CLANG_WARN__DUPLICATE_METHOD_MATCH = YES;
				COPY_PHASE_STRIP = NO;
				DEBUG_INFORMATION_FORMAT = "dwarf-with-dsym";
				ENABLE_NS_ASSERTIONS = NO;
				ENABLE_STRICT_OBJC_MSGSEND = YES;
				GCC_C_LANGUAGE_STANDARD = gnu11;
				GCC_NO_COMMON_BLOCKS = YES;
				GCC_WARN_64_TO_32_BIT_CONVERSION = YES;
				GCC_WARN_ABOUT_RETURN_TYPE = YES_ERROR;
				GCC_WARN_UNDECLARED_SELECTOR = YES;
				GCC_WARN_UNINITIALIZED_AUTOS = YES_AGGRESSIVE;
				GCC_WARN_UNUSED_FUNCTION = YES;
				GCC_WARN_UNUSED_VARIABLE = YES;
				MACOSX_DEPLOYMENT_TARGET = 12.3;
				MTL_ENABLE_DEBUG_INFO = NO;
				MTL_FAST_MATH = YES;
				SDKROOT = macosx;
				SWIFT_COMPILATION_MODE = wholemodule;
				SWIFT_OPTIMIZATION_LEVEL = "-O";
			};
			name = Release;
		};
		3430D2582939942600693452 /* Debug */ = {
			isa = XCBuildConfiguration;
			buildSettings = {
				CODE_SIGN_STYLE = Automatic;
				PRODUCT_NAME = "$(TARGET_NAME)";
				SWIFT_VERSION = 5.0;
			};
			name = Debug;
		};
		3430D2592939942600693452 /* Release */ = {
			isa = XCBuildConfiguration;
			buildSettings = {
				CODE_SIGN_STYLE = Automatic;
				PRODUCT_NAME = "$(TARGET_NAME)";
				SWIFT_VERSION = 5.0;
			};
			name = Release;
		};
/* End XCBuildConfiguration section */

/* Begin XCConfigurationList section */
		3430D24B2939942600693452 /* Build configuration list for PBXProject "AdventOfCode2022" */ = {
			isa = XCConfigurationList;
			buildConfigurations = (
				3430D2552939942600693452 /* Debug */,
				3430D2562939942600693452 /* Release */,
			);
			defaultConfigurationIsVisible = 0;
			defaultConfigurationName = Release;
		};
		3430D2572939942600693452 /* Build configuration list for PBXNativeTarget "AdventOfCode2022" */ = {
			isa = XCConfigurationList;
			buildConfigurations = (
				3430D2582939942600693452 /* Debug */,
				3430D2592939942600693452 /* Release */,
			);
			defaultConfigurationIsVisible = 0;
			defaultConfigurationName = Release;
		};
/* End XCConfigurationList section */

/* Begin XCRemoteSwiftPackageReference section */
		3430D25D293994D800693452 /* XCRemoteSwiftPackageReference "swift-argument-parser" */ = {
			isa = XCRemoteSwiftPackageReference;
			repositoryURL = "https://github.com/apple/swift-argument-parser.git";
			requirement = {
				kind = upToNextMajorVersion;
				minimumVersion = 1.0.0;
			};
		};
		3430D262293995FE00693452 /* XCRemoteSwiftPackageReference "AdventOfCodeUtilities" */ = {
			isa = XCRemoteSwiftPackageReference;
			repositoryURL = "https://github.com/OffTheMark/AdventOfCodeUtilities";
			requirement = {
				branch = master;
				kind = branch;
			};
		};
		34F80D42293F6DFA00DB9C0D /* XCRemoteSwiftPackageReference "swift-algorithms" */ = {
			isa = XCRemoteSwiftPackageReference;
			repositoryURL = "https://github.com/apple/swift-algorithms.git";
			requirement = {
				kind = upToNextMajorVersion;
				minimumVersion = 1.0.0;
			};
		};
		34F80D4A2940B97B00DB9C0D /* XCRemoteSwiftPackageReference "SwiftDataStructures" */ = {
			isa = XCRemoteSwiftPackageReference;
			repositoryURL = "https://github.com/OffTheMark/SwiftDataStructures.git";
			requirement = {
				branch = master;
				kind = branch;
			};
		};
		34F80D6229461CB300DB9C0D /* XCRemoteSwiftPackageReference "swift-collections" */ = {
			isa = XCRemoteSwiftPackageReference;
			repositoryURL = "https://github.com/apple/swift-collections.git";
			requirement = {
				kind = upToNextMajorVersion;
				minimumVersion = 1.0.0;
			};
		};
/* End XCRemoteSwiftPackageReference section */

/* Begin XCSwiftPackageProductDependency section */
		3430D25E293994D800693452 /* ArgumentParser */ = {
			isa = XCSwiftPackageProductDependency;
			package = 3430D25D293994D800693452 /* XCRemoteSwiftPackageReference "swift-argument-parser" */;
			productName = ArgumentParser;
		};
		3430D263293995FF00693452 /* AdventOfCodeUtilities */ = {
			isa = XCSwiftPackageProductDependency;
			package = 3430D262293995FE00693452 /* XCRemoteSwiftPackageReference "AdventOfCodeUtilities" */;
			productName = AdventOfCodeUtilities;
		};
		34F80D43293F6DFA00DB9C0D /* Algorithms */ = {
			isa = XCSwiftPackageProductDependency;
			package = 34F80D42293F6DFA00DB9C0D /* XCRemoteSwiftPackageReference "swift-algorithms" */;
			productName = Algorithms;
		};
		34F80D4B2940B97B00DB9C0D /* SwiftDataStructures */ = {
			isa = XCSwiftPackageProductDependency;
			package = 34F80D4A2940B97B00DB9C0D /* XCRemoteSwiftPackageReference "SwiftDataStructures" */;
			productName = SwiftDataStructures;
		};
		34F80D6329461CB300DB9C0D /* Collections */ = {
			isa = XCSwiftPackageProductDependency;
			package = 34F80D6229461CB300DB9C0D /* XCRemoteSwiftPackageReference "swift-collections" */;
			productName = Collections;
		};
/* End XCSwiftPackageProductDependency section */
	};
	rootObject = 3430D2482939942600693452 /* Project object */;
}
